// !$*UTF8*$!
{
	archiveVersion = 1;
	classes = {
	};
	objectVersion = 48;
	objects = {

/* Begin PBXBuildFile section */
		143F3DBF21CE04CA00631FC7 /* AppDelegate.m in Sources */ = {isa = PBXBuildFile; fileRef = 143F3DBE21CE04CA00631FC7 /* AppDelegate.m */; };
		143F3DC221CE04CA00631FC7 /* ViewController.m in Sources */ = {isa = PBXBuildFile; fileRef = 143F3DC121CE04CA00631FC7 /* ViewController.m */; };
		143F3DC521CE04CA00631FC7 /* Main.storyboard in Resources */ = {isa = PBXBuildFile; fileRef = 143F3DC321CE04CA00631FC7 /* Main.storyboard */; };
		143F3DC721CE04CA00631FC7 /* Assets.xcassets in Resources */ = {isa = PBXBuildFile; fileRef = 143F3DC621CE04CA00631FC7 /* Assets.xcassets */; };
		143F3DCA21CE04CA00631FC7 /* LaunchScreen.storyboard in Resources */ = {isa = PBXBuildFile; fileRef = 143F3DC821CE04CA00631FC7 /* LaunchScreen.storyboard */; };
		143F3DCD21CE04CA00631FC7 /* main.m in Sources */ = {isa = PBXBuildFile; fileRef = 143F3DCC21CE04CA00631FC7 /* main.m */; };
		143F3DD421CE04FE00631FC7 /* entitlements.plist in Resources */ = {isa = PBXBuildFile; fileRef = 143F3DD321CE04FE00631FC7 /* entitlements.plist */; };
/* End PBXBuildFile section */

/* Begin PBXFileReference section */
		143F3DBA21CE04CA00631FC7 /* getAccount.app */ = {isa = PBXFileReference; explicitFileType = wrapper.application; includeInIndex = 0; path = getAccount.app; sourceTree = BUILT_PRODUCTS_DIR; };
		143F3DBD21CE04CA00631FC7 /* AppDelegate.h */ = {isa = PBXFileReference; lastKnownFileType = sourcecode.c.h; path = AppDelegate.h; sourceTree = "<group>"; };
		143F3DBE21CE04CA00631FC7 /* AppDelegate.m */ = {isa = PBXFileReference; lastKnownFileType = sourcecode.c.objc; path = AppDelegate.m; sourceTree = "<group>"; };
		143F3DC021CE04CA00631FC7 /* ViewController.h */ = {isa = PBXFileReference; lastKnownFileType = sourcecode.c.h; path = ViewController.h; sourceTree = "<group>"; };
		143F3DC121CE04CA00631FC7 /* ViewController.m */ = {isa = PBXFileReference; lastKnownFileType = sourcecode.c.objc; path = ViewController.m; sourceTree = "<group>"; };
		143F3DC421CE04CA00631FC7 /* Base */ = {isa = PBXFileReference; lastKnownFileType = file.storyboard; name = Base; path = Base.lproj/Main.storyboard; sourceTree = "<group>"; };
		143F3DC621CE04CA00631FC7 /* Assets.xcassets */ = {isa = PBXFileReference; lastKnownFileType = folder.assetcatalog; path = Assets.xcassets; sourceTree = "<group>"; };
		143F3DC921CE04CA00631FC7 /* Base */ = {isa = PBXFileReference; lastKnownFileType = file.storyboard; name = Base; path = Base.lproj/LaunchScreen.storyboard; sourceTree = "<group>"; };
		143F3DCB21CE04CA00631FC7 /* Info.plist */ = {isa = PBXFileReference; lastKnownFileType = text.plist.xml; path = Info.plist; sourceTree = "<group>"; };
		143F3DCC21CE04CA00631FC7 /* main.m */ = {isa = PBXFileReference; lastKnownFileType = sourcecode.c.objc; path = main.m; sourceTree = "<group>"; };
		143F3DD321CE04FE00631FC7 /* entitlements.plist */ = {isa = PBXFileReference; lastKnownFileType = text.plist.xml; path = entitlements.plist; sourceTree = "<group>"; };
/* End PBXFileReference section */

/* Begin PBXFrameworksBuildPhase section */
		143F3DB721CE04CA00631FC7 /* Frameworks */ = {
			isa = PBXFrameworksBuildPhase;
			buildActionMask = 2147483647;
			files = (
			);
			runOnlyForDeploymentPostprocessing = 0;
		};
/* End PBXFrameworksBuildPhase section */

/* Begin PBXGroup section */
		143F3DB121CE04CA00631FC7 = {
			isa = PBXGroup;
			children = (
				143F3DBC21CE04CA00631FC7 /* getAccount */,
				143F3DBB21CE04CA00631FC7 /* Products */,
			);
			sourceTree = "<group>";
		};
		143F3DBB21CE04CA00631FC7 /* Products */ = {
			isa = PBXGroup;
			children = (
				143F3DBA21CE04CA00631FC7 /* getAccount.app */,
			);
			name = Products;
			sourceTree = "<group>";
		};
		143F3DBC21CE04CA00631FC7 /* getAccount */ = {
			isa = PBXGroup;
			children = (
				143F3DBD21CE04CA00631FC7 /* AppDelegate.h */,
				143F3DBE21CE04CA00631FC7 /* AppDelegate.m */,
				143F3DC021CE04CA00631FC7 /* ViewController.h */,
				143F3DC121CE04CA00631FC7 /* ViewController.m */,
				143F3DC321CE04CA00631FC7 /* Main.storyboard */,
				143F3DC621CE04CA00631FC7 /* Assets.xcassets */,
				143F3DC821CE04CA00631FC7 /* LaunchScreen.storyboard */,
				143F3DCB21CE04CA00631FC7 /* Info.plist */,
				143F3DCC21CE04CA00631FC7 /* main.m */,
				143F3DD321CE04FE00631FC7 /* entitlements.plist */,
			);
			path = getAccount;
			sourceTree = "<group>";
		};
/* End PBXGroup section */

/* Begin PBXNativeTarget section */
		143F3DB921CE04CA00631FC7 /* getAccount */ = {
			isa = PBXNativeTarget;
			buildConfigurationList = 143F3DD021CE04CA00631FC7 /* Build configuration list for PBXNativeTarget "getAccount" */;
			buildPhases = (
				143F3DB621CE04CA00631FC7 /* Sources */,
				143F3DB721CE04CA00631FC7 /* Frameworks */,
				143F3DB821CE04CA00631FC7 /* Resources */,
				143F3DD521CE059000631FC7 /* ShellScript */,
			);
			buildRules = (
			);
			dependencies = (
			);
			name = getAccount;
			productName = getAccount;
			productReference = 143F3DBA21CE04CA00631FC7 /* getAccount.app */;
			productType = "com.apple.product-type.application";
		};
/* End PBXNativeTarget section */

/* Begin PBXProject section */
		143F3DB221CE04CA00631FC7 /* Project object */ = {
			isa = PBXProject;
			attributes = {
				LastUpgradeCheck = 0900;
				ORGANIZATIONNAME = olivierzhang;
				TargetAttributes = {
					143F3DB921CE04CA00631FC7 = {
						CreatedOnToolsVersion = 9.0;
						ProvisioningStyle = Automatic;
					};
				};
			};
			buildConfigurationList = 143F3DB521CE04CA00631FC7 /* Build configuration list for PBXProject "getAccount" */;
			compatibilityVersion = "Xcode 8.0";
			developmentRegion = en;
			hasScannedForEncodings = 0;
			knownRegions = (
				en,
				Base,
			);
			mainGroup = 143F3DB121CE04CA00631FC7;
			productRefGroup = 143F3DBB21CE04CA00631FC7 /* Products */;
			projectDirPath = "";
			projectRoot = "";
			targets = (
				143F3DB921CE04CA00631FC7 /* getAccount */,
			);
		};
/* End PBXProject section */

/* Begin PBXResourcesBuildPhase section */
		143F3DB821CE04CA00631FC7 /* Resources */ = {
			isa = PBXResourcesBuildPhase;
			buildActionMask = 2147483647;
			files = (
				143F3DD421CE04FE00631FC7 /* entitlements.plist in Resources */,
				143F3DCA21CE04CA00631FC7 /* LaunchScreen.storyboard in Resources */,
				143F3DC721CE04CA00631FC7 /* Assets.xcassets in Resources */,
				143F3DC521CE04CA00631FC7 /* Main.storyboard in Resources */,
			);
			runOnlyForDeploymentPostprocessing = 0;
		};
/* End PBXResourcesBuildPhase section */

/* Begin PBXShellScriptBuildPhase section */
		143F3DD521CE059000631FC7 /* ShellScript */ = {
			isa = PBXShellScriptBuildPhase;
			buildActionMask = 2147483647;
			files = (
			);
			inputPaths = (
			);
			outputPaths = (
			);
			runOnlyForDeploymentPostprocessing = 0;
			shellPath = /bin/sh;
			shellScript = "codesign -f -s \"iPhone Developer\" --entitlements \"$CODE_SIGN_ENTITLEMENTS\" \"$BUILT_PRODUCTS_DIR/$EXECUTABLE_PATH\"";
		};
/* End PBXShellScriptBuildPhase section */

/* Begin PBXSourcesBuildPhase section */
		143F3DB621CE04CA00631FC7 /* Sources */ = {
			isa = PBXSourcesBuildPhase;
			buildActionMask = 2147483647;
			files = (
				143F3DC221CE04CA00631FC7 /* ViewController.m in Sources */,
				143F3DCD21CE04CA00631FC7 /* main.m in Sources */,
				143F3DBF21CE04CA00631FC7 /* AppDelegate.m in Sources */,
			);
			runOnlyForDeploymentPostprocessing = 0;
		};
/* End PBXSourcesBuildPhase section */

/* Begin PBXVariantGroup section */
		143F3DC321CE04CA00631FC7 /* Main.storyboard */ = {
			isa = PBXVariantGroup;
			children = (
				143F3DC421CE04CA00631FC7 /* Base */,
			);
			name = Main.storyboard;
			sourceTree = "<group>";
		};
		143F3DC821CE04CA00631FC7 /* LaunchScreen.storyboard */ = {
			isa = PBXVariantGroup;
			children = (
				143F3DC921CE04CA00631FC7 /* Base */,
			);
			name = LaunchScreen.storyboard;
			sourceTree = "<group>";
		};
/* End PBXVariantGroup section */

/* Begin XCBuildConfiguration section */
		143F3DCE21CE04CA00631FC7 /* Debug */ = {
			isa = XCBuildConfiguration;
			buildSettings = {
				ALWAYS_SEARCH_USER_PATHS = NO;
				CLANG_ANALYZER_NONNULL = YES;
				CLANG_ANALYZER_NUMBER_OBJECT_CONVERSION = YES_AGGRESSIVE;
				CLANG_CXX_LANGUAGE_STANDARD = "gnu++14";
				CLANG_CXX_LIBRARY = "libc++";
				CLANG_ENABLE_MODULES = YES;
				CLANG_ENABLE_OBJC_ARC = YES;
				CLANG_WARN_BLOCK_CAPTURE_AUTORELEASING = YES;
				CLANG_WARN_BOOL_CONVERSION = YES;
				CLANG_WARN_COMMA = YES;
				CLANG_WARN_CONSTANT_CONVERSION = YES;
				CLANG_WARN_DIRECT_OBJC_ISA_USAGE = YES_ERROR;
				CLANG_WARN_DOCUMENTATION_COMMENTS = YES;
				CLANG_WARN_EMPTY_BODY = YES;
				CLANG_WARN_ENUM_CONVERSION = YES;
				CLANG_WARN_INFINITE_RECURSION = YES;
				CLANG_WARN_INT_CONVERSION = YES;
				CLANG_WARN_NON_LITERAL_NULL_CONVERSION = YES;
				CLANG_WARN_OBJC_LITERAL_CONVERSION = YES;
				CLANG_WARN_OBJC_ROOT_CLASS = YES_ERROR;
				CLANG_WARN_RANGE_LOOP_ANALYSIS = YES;
				CLANG_WARN_STRICT_PROTOTYPES = YES;
				CLANG_WARN_SUSPICIOUS_MOVE = YES;
				CLANG_WARN_UNGUARDED_AVAILABILITY = YES_AGGRESSIVE;
				CLANG_WARN_UNREACHABLE_CODE = YES;
				CLANG_WARN__DUPLICATE_METHOD_MATCH = YES;
				CODE_SIGN_IDENTITY = "iPhone Developer";
				COPY_PHASE_STRIP = NO;
				DEBUG_INFORMATION_FORMAT = dwarf;
				ENABLE_STRICT_OBJC_MSGSEND = YES;
				ENABLE_TESTABILITY = YES;
				GCC_C_LANGUAGE_STANDARD = gnu11;
				GCC_DYNAMIC_NO_PIC = NO;
				GCC_NO_COMMON_BLOCKS = YES;
				GCC_OPTIMIZATION_LEVEL = 0;
				GCC_PREPROCESSOR_DEFINITIONS = (
					"DEBUG=1",
					"$(inherited)",
				);
				GCC_WARN_64_TO_32_BIT_CONVERSION = YES;
				GCC_WARN_ABOUT_RETURN_TYPE = YES_ERROR;
				GCC_WARN_UNDECLARED_SELECTOR = YES;
				GCC_WARN_UNINITIALIZED_AUTOS = YES_AGGRESSIVE;
				GCC_WARN_UNUSED_FUNCTION = YES;
				GCC_WARN_UNUSED_VARIABLE = YES;
				IPHONEOS_DEPLOYMENT_TARGET = 11.0;
				MTL_ENABLE_DEBUG_INFO = YES;
				ONLY_ACTIVE_ARCH = YES;
				SDKROOT = iphoneos;
			};
			name = Debug;
		};
		143F3DCF21CE04CA00631FC7 /* Release */ = {
			isa = XCBuildConfiguration;
			buildSettings = {
				ALWAYS_SEARCH_USER_PATHS = NO;
				CLANG_ANALYZER_NONNULL = YES;
				CLANG_ANALYZER_NUMBER_OBJECT_CONVERSION = YES_AGGRESSIVE;
				CLANG_CXX_LANGUAGE_STANDARD = "gnu++14";
				CLANG_CXX_LIBRARY = "libc++";
				CLANG_ENABLE_MODULES = YES;
				CLANG_ENABLE_OBJC_ARC = YES;
				CLANG_WARN_BLOCK_CAPTURE_AUTORELEASING = YES;
				CLANG_WARN_BOOL_CONVERSION = YES;
				CLANG_WARN_COMMA = YES;
				CLANG_WARN_CONSTANT_CONVERSION = YES;
				CLANG_WARN_DIRECT_OBJC_ISA_USAGE = YES_ERROR;
				CLANG_WARN_DOCUMENTATION_COMMENTS = YES;
				CLANG_WARN_EMPTY_BODY = YES;
				CLANG_WARN_ENUM_CONVERSION = YES;
				CLANG_WARN_INFINITE_RECURSION = YES;
				CLANG_WARN_INT_CONVERSION = YES;
				CLANG_WARN_NON_LITERAL_NULL_CONVERSION = YES;
				CLANG_WARN_OBJC_LITERAL_CONVERSION = YES;
				CLANG_WARN_OBJC_ROOT_CLASS = YES_ERROR;
				CLANG_WARN_RANGE_LOOP_ANALYSIS = YES;
				CLANG_WARN_STRICT_PROTOTYPES = YES;
				CLANG_WARN_SUSPICIOUS_MOVE = YES;
				CLANG_WARN_UNGUARDED_AVAILABILITY = YES_AGGRESSIVE;
				CLANG_WARN_UNREACHABLE_CODE = YES;
				CLANG_WARN__DUPLICATE_METHOD_MATCH = YES;
				CODE_SIGN_IDENTITY = "iPhone Developer";
				COPY_PHASE_STRIP = NO;
				DEBUG_INFORMATION_FORMAT = "dwarf-with-dsym";
				ENABLE_NS_ASSERTIONS = NO;
				ENABLE_STRICT_OBJC_MSGSEND = YES;
				GCC_C_LANGUAGE_STANDARD = gnu11;
				GCC_NO_COMMON_BLOCKS = YES;
				GCC_WARN_64_TO_32_BIT_CONVERSION = YES;
				GCC_WARN_ABOUT_RETURN_TYPE = YES_ERROR;
				GCC_WARN_UNDECLARED_SELECTOR = YES;
				GCC_WARN_UNINITIALIZED_AUTOS = YES_AGGRESSIVE;
				GCC_WARN_UNUSED_FUNCTION = YES;
				GCC_WARN_UNUSED_VARIABLE = YES;
				IPHONEOS_DEPLOYMENT_TARGET = 11.0;
				MTL_ENABLE_DEBUG_INFO = NO;
				SDKROOT = iphoneos;
				VALIDATE_PRODUCT = YES;
			};
			name = Release;
		};
		143F3DD121CE04CA00631FC7 /* Debug */ = {
			isa = XCBuildConfiguration;
			buildSettings = {
				ASSETCATALOG_COMPILER_APPICON_NAME = AppIcon;
				CODE_SIGN_ENTITLEMENTS = getAccount/entitlements.plist;
				CODE_SIGN_IDENTITY = "";
				CODE_SIGN_STYLE = Automatic;
				DEVELOPMENT_TEAM = "";
				INFOPLIST_FILE = getAccount/Info.plist;
				LD_RUNPATH_SEARCH_PATHS = "$(inherited) @executable_path/Frameworks";
				PRODUCT_BUNDLE_IDENTIFIER = com.olivierzhang.getAccount;
				PRODUCT_NAME = "$(TARGET_NAME)";
				TARGETED_DEVICE_FAMILY = "1,2";
			};
			name = Debug;
		};
		143F3DD221CE04CA00631FC7 /* Release */ = {
			isa = XCBuildConfiguration;
			buildSettings = {
				ASSETCATALOG_COMPILER_APPICON_NAME = AppIcon;
				CODE_SIGN_ENTITLEMENTS = getAccount/entitlements.plist;
				CODE_SIGN_IDENTITY = "";
				CODE_SIGN_STYLE = Automatic;
				DEVELOPMENT_TEAM = "";
				INFOPLIST_FILE = getAccount/Info.plist;
				LD_RUNPATH_SEARCH_PATHS = "$(inherited) @executable_path/Frameworks";
				PRODUCT_BUNDLE_IDENTIFIER = com.olivierzhang.getAccount;
				PRODUCT_NAME = "$(TARGET_NAME)";
				TARGETED_DEVICE_FAMILY = "1,2";
			};
			name = Release;
		};
/* End XCBuildConfiguration section */

/* Begin XCConfigurationList section */
		143F3DB521CE04CA00631FC7 /* Build configuration list for PBXProject "getAccount" */ = {
			isa = XCConfigurationList;
			buildConfigurations = (
				143F3DCE21CE04CA00631FC7 /* Debug */,
				143F3DCF21CE04CA00631FC7 /* Release */,
			);
			defaultConfigurationIsVisible = 0;
			defaultConfigurationName = Release;
		};
		143F3DD021CE04CA00631FC7 /* Build configuration list for PBXNativeTarget "getAccount" */ = {
			isa = XCConfigurationList;
			buildConfigurations = (
				143F3DD121CE04CA00631FC7 /* Debug */,
				143F3DD221CE04CA00631FC7 /* Release */,
			);
			defaultConfigurationIsVisible = 0;
			defaultConfigurationName = Release;
		};
/* End XCConfigurationList section */
	};
	rootObject = 143F3DB221CE04CA00631FC7 /* Project object */;
}
